{
  "version": 4,
  "terraform_version": "1.3.4",
  "serial": 140,
  "lineage": "7734efc4-b9d2-f016-76db-107d3bda76ba",
  "outputs": {
    "balancer": {
      "value": "34.142.48.238",
      "type": "string"
    },
    "balancer_ssh": {
      "value": "https://www.googleapis.com/compute/v1/projects/agisit-2022-proj-21/zones/europe-west2-c/instances/balancer",
      "type": "string"
    },
    "bootstorage_IPs": {
      "value": [
        "bootstorage1 = 34.142.77.157"
      ],
      "type": [
        "list",
        "string"
      ]
    },
    "expressed_IPs": {
      "value": [
        "expressed1 = 34.105.190.124"
      ],
      "type": [
        "list",
        "string"
      ]
    },
    "happy_IPs": {
      "value": [
        "happy1 = 35.189.64.55"
      ],
      "type": [
        "list",
        "string"
      ]
    },
    "vuecalc_IPs": {
      "value": [
        "vuecalc1 = 34.142.16.214"
      ],
      "type": [
        "list",
        "string"
      ]
    }
  },
  "resources": [
    {
      "mode": "managed",
      "type": "google_compute_instance",
      "name": "balancer",
      "provider": "provider[\"registry.terraform.io/hashicorp/google\"]",
      "instances": [
        {
          "schema_version": 6,
          "attributes": {
            "advanced_machine_features": [],
            "allow_stopping_for_update": null,
            "attached_disk": [],
            "boot_disk": [
              {
                "auto_delete": true,
                "device_name": "persistent-disk-0",
                "disk_encryption_key_raw": "",
                "disk_encryption_key_sha256": "",
                "initialize_params": [
                  {
                    "image": "https://www.googleapis.com/compute/v1/projects/ubuntu-os-cloud/global/images/ubuntu-2004-focal-v20221015",
                    "labels": {},
                    "size": 10,
                    "type": "pd-standard"
                  }
                ],
                "kms_key_self_link": "",
                "mode": "READ_WRITE",
                "source": "https://www.googleapis.com/compute/v1/projects/agisit-2022-proj-21/zones/europe-west2-c/disks/balancer"
              }
            ],
            "can_ip_forward": false,
            "confidential_instance_config": [],
            "cpu_platform": "Intel Broadwell",
            "current_status": "RUNNING",
            "deletion_protection": false,
            "description": "",
            "desired_status": null,
            "enable_display": false,
            "guest_accelerator": [],
            "hostname": "",
            "id": "projects/agisit-2022-proj-21/zones/europe-west2-c/instances/balancer",
            "instance_id": "4918229403873940356",
            "label_fingerprint": "42WmSpB8rSM=",
            "labels": null,
            "machine_type": "n1-standard-1",
            "metadata": {
              "ssh-keys": "ubuntu:ssh-rsa AAAAB3NzaC1yc2EAAAADAQABAAACAQDO/UDx8JpU8JggO98UK8NK0cnIhoe4or8QtOvc1ErKWK6GnfeIQ9+Tk+3r4W4HBagn/+n5PXbMW8CPiT73YeLKo28RIVgmr+de3e+2lL1m2/nXM6vTJl3YdL6bkkgYXSMWceAXDhP9DXICzAydYmzzrzQ3KUk01mlw/rV4Ov7cJsmJJ1OzOxQOCGK5Y1s9Zex13NRU+TjEzhrdhU3/t+MH/+ikf2XVVOD5VaDqoNFRu4LNvtBO6zXttD5eEKFU6kh+tddbfRWgrzZLRBSOyqwOAOTgiaxU+CDhJw3/P8+jBA9t0beTyELO39oh1zCNgRTc/GbvOo9iTYHyZSsHW9boUn/fEzCI/XFFq3cn4n6O7w4gNo3Lurxu27+Vxe/AYB+hUkhOH2aUMPOi6QTs14HXs0HIND74AG4CVqers1lOSyejH1YpbhW3xoMhFBYX3fbPy+6gsdivNaLS0hl49mhBTgVV07AAa8Easl7khE9exJ4P7CFkPYE13QqfbOCkuhbooXXJyJPhI67LcDL85drDMIbf6xVvOtUiTglEVgVtDW2gA9z0DBv0XbkxenBTL5RnQL18YD+nbKhd+aPLxKvmPl8nU9/nNiwtQeSzicwXykT4Jj4tfUyYs5T51LKGhQ+S/mdcddMKIro/XgavFnrulukHo3iIZFFZajktCqwThw== vagrant@mgmt\n"
            },
            "metadata_fingerprint": "QcP3skVu7iw=",
            "metadata_startup_script": null,
            "min_cpu_platform": "",
            "name": "balancer",
            "network_interface": [
              {
                "access_config": [
                  {
                    "nat_ip": "34.142.48.238",
                    "network_tier": "PREMIUM",
                    "public_ptr_domain_name": ""
                  }
                ],
                "alias_ip_range": [],
                "ipv6_access_config": [],
                "ipv6_access_type": "",
                "name": "nic0",
                "network": "https://www.googleapis.com/compute/v1/projects/agisit-2022-proj-21/global/networks/default",
                "network_ip": "10.154.0.45",
                "nic_type": "",
                "queue_count": 0,
                "stack_type": "IPV4_ONLY",
                "subnetwork": "https://www.googleapis.com/compute/v1/projects/agisit-2022-proj-21/regions/europe-west2/subnetworks/default",
                "subnetwork_project": "agisit-2022-proj-21"
              }
            ],
            "project": "agisit-2022-proj-21",
            "reservation_affinity": [],
            "resource_policies": null,
            "scheduling": [
              {
                "automatic_restart": true,
                "instance_termination_action": "",
                "min_node_cpus": 0,
                "node_affinities": [],
                "on_host_maintenance": "MIGRATE",
                "preemptible": false,
                "provisioning_model": "STANDARD"
              }
            ],
            "scratch_disk": [],
            "self_link": "https://www.googleapis.com/compute/v1/projects/agisit-2022-proj-21/zones/europe-west2-c/instances/balancer",
            "service_account": [],
            "shielded_instance_config": [
              {
                "enable_integrity_monitoring": true,
                "enable_secure_boot": false,
                "enable_vtpm": true
              }
            ],
            "tags": [
              "balancer"
            ],
            "tags_fingerprint": "7RIB79AHyl4=",
            "timeouts": null,
            "zone": "europe-west2-c"
          },
          "sensitive_attributes": [],
          "private": "eyJlMmJmYjczMC1lY2FhLTExZTYtOGY4OC0zNDM2M2JjN2M0YzAiOnsiY3JlYXRlIjoxMjAwMDAwMDAwMDAwLCJkZWxldGUiOjEyMDAwMDAwMDAwMDAsInVwZGF0ZSI6MTIwMDAwMDAwMDAwMH0sInNjaGVtYV92ZXJzaW9uIjoiNiJ9"
        }
      ]
    },
    {
      "mode": "managed",
      "type": "google_compute_instance",
      "name": "bootstorage",
      "provider": "provider[\"registry.terraform.io/hashicorp/google\"]",
      "instances": [
        {
          "index_key": 0,
          "schema_version": 6,
          "attributes": {
            "advanced_machine_features": [],
            "allow_stopping_for_update": null,
            "attached_disk": [],
            "boot_disk": [
              {
                "auto_delete": true,
                "device_name": "persistent-disk-0",
                "disk_encryption_key_raw": "",
                "disk_encryption_key_sha256": "",
                "initialize_params": [
                  {
                    "image": "https://www.googleapis.com/compute/v1/projects/ubuntu-os-cloud/global/images/ubuntu-2004-focal-v20221015",
                    "labels": {},
                    "size": 10,
                    "type": "pd-standard"
                  }
                ],
                "kms_key_self_link": "",
                "mode": "READ_WRITE",
                "source": "https://www.googleapis.com/compute/v1/projects/agisit-2022-proj-21/zones/europe-west2-c/disks/bootstorage1"
              }
            ],
            "can_ip_forward": false,
            "confidential_instance_config": [],
            "cpu_platform": "Intel Broadwell",
            "current_status": "RUNNING",
            "deletion_protection": false,
            "description": "",
            "desired_status": null,
            "enable_display": false,
            "guest_accelerator": [],
            "hostname": "",
            "id": "projects/agisit-2022-proj-21/zones/europe-west2-c/instances/bootstorage1",
            "instance_id": "2423160533714310020",
            "label_fingerprint": "42WmSpB8rSM=",
            "labels": null,
            "machine_type": "n1-standard-1",
            "metadata": {
              "ssh-keys": "ubuntu:ssh-rsa AAAAB3NzaC1yc2EAAAADAQABAAACAQDO/UDx8JpU8JggO98UK8NK0cnIhoe4or8QtOvc1ErKWK6GnfeIQ9+Tk+3r4W4HBagn/+n5PXbMW8CPiT73YeLKo28RIVgmr+de3e+2lL1m2/nXM6vTJl3YdL6bkkgYXSMWceAXDhP9DXICzAydYmzzrzQ3KUk01mlw/rV4Ov7cJsmJJ1OzOxQOCGK5Y1s9Zex13NRU+TjEzhrdhU3/t+MH/+ikf2XVVOD5VaDqoNFRu4LNvtBO6zXttD5eEKFU6kh+tddbfRWgrzZLRBSOyqwOAOTgiaxU+CDhJw3/P8+jBA9t0beTyELO39oh1zCNgRTc/GbvOo9iTYHyZSsHW9boUn/fEzCI/XFFq3cn4n6O7w4gNo3Lurxu27+Vxe/AYB+hUkhOH2aUMPOi6QTs14HXs0HIND74AG4CVqers1lOSyejH1YpbhW3xoMhFBYX3fbPy+6gsdivNaLS0hl49mhBTgVV07AAa8Easl7khE9exJ4P7CFkPYE13QqfbOCkuhbooXXJyJPhI67LcDL85drDMIbf6xVvOtUiTglEVgVtDW2gA9z0DBv0XbkxenBTL5RnQL18YD+nbKhd+aPLxKvmPl8nU9/nNiwtQeSzicwXykT4Jj4tfUyYs5T51LKGhQ+S/mdcddMKIro/XgavFnrulukHo3iIZFFZajktCqwThw== vagrant@mgmt\n"
            },
            "metadata_fingerprint": "QcP3skVu7iw=",
            "metadata_startup_script": null,
            "min_cpu_platform": "",
            "name": "bootstorage1",
            "network_interface": [
              {
                "access_config": [
                  {
                    "nat_ip": "34.142.77.157",
                    "network_tier": "PREMIUM",
                    "public_ptr_domain_name": ""
                  }
                ],
                "alias_ip_range": [],
                "ipv6_access_config": [],
                "ipv6_access_type": "",
                "name": "nic0",
                "network": "https://www.googleapis.com/compute/v1/projects/agisit-2022-proj-21/global/networks/default",
                "network_ip": "10.154.0.46",
                "nic_type": "",
                "queue_count": 0,
                "stack_type": "IPV4_ONLY",
                "subnetwork": "https://www.googleapis.com/compute/v1/projects/agisit-2022-proj-21/regions/europe-west2/subnetworks/default",
                "subnetwork_project": "agisit-2022-proj-21"
              }
            ],
            "project": "agisit-2022-proj-21",
            "reservation_affinity": [],
            "resource_policies": null,
            "scheduling": [
              {
                "automatic_restart": true,
                "instance_termination_action": "",
                "min_node_cpus": 0,
                "node_affinities": [],
                "on_host_maintenance": "MIGRATE",
                "preemptible": false,
                "provisioning_model": "STANDARD"
              }
            ],
            "scratch_disk": [],
            "self_link": "https://www.googleapis.com/compute/v1/projects/agisit-2022-proj-21/zones/europe-west2-c/instances/bootstorage1",
            "service_account": [],
            "shielded_instance_config": [
              {
                "enable_integrity_monitoring": true,
                "enable_secure_boot": false,
                "enable_vtpm": true
              }
            ],
            "tags": [
              "bootstorage"
            ],
            "tags_fingerprint": "wgXf_SnZNKI=",
            "timeouts": null,
            "zone": "europe-west2-c"
          },
          "sensitive_attributes": [],
          "private": "eyJlMmJmYjczMC1lY2FhLTExZTYtOGY4OC0zNDM2M2JjN2M0YzAiOnsiY3JlYXRlIjoxMjAwMDAwMDAwMDAwLCJkZWxldGUiOjEyMDAwMDAwMDAwMDAsInVwZGF0ZSI6MTIwMDAwMDAwMDAwMH0sInNjaGVtYV92ZXJzaW9uIjoiNiJ9"
        }
      ]
    },
    {
      "mode": "managed",
      "type": "google_compute_instance",
      "name": "expressed",
      "provider": "provider[\"registry.terraform.io/hashicorp/google\"]",
      "instances": [
        {
          "index_key": 0,
          "schema_version": 6,
          "attributes": {
            "advanced_machine_features": [],
            "allow_stopping_for_update": null,
            "attached_disk": [],
            "boot_disk": [
              {
                "auto_delete": true,
                "device_name": "persistent-disk-0",
                "disk_encryption_key_raw": "",
                "disk_encryption_key_sha256": "",
                "initialize_params": [
                  {
                    "image": "https://www.googleapis.com/compute/v1/projects/ubuntu-os-cloud/global/images/ubuntu-2004-focal-v20221015",
                    "labels": {},
                    "size": 10,
                    "type": "pd-standard"
                  }
                ],
                "kms_key_self_link": "",
                "mode": "READ_WRITE",
                "source": "https://www.googleapis.com/compute/v1/projects/agisit-2022-proj-21/zones/europe-west2-c/disks/expressed1"
              }
            ],
            "can_ip_forward": false,
            "confidential_instance_config": [],
            "cpu_platform": "Intel Broadwell",
            "current_status": "RUNNING",
            "deletion_protection": false,
            "description": "",
            "desired_status": null,
            "enable_display": false,
            "guest_accelerator": [],
            "hostname": "",
            "id": "projects/agisit-2022-proj-21/zones/europe-west2-c/instances/expressed1",
            "instance_id": "4095419046982947716",
            "label_fingerprint": "42WmSpB8rSM=",
            "labels": null,
            "machine_type": "n1-standard-1",
            "metadata": {
              "ssh-keys": "ubuntu:ssh-rsa AAAAB3NzaC1yc2EAAAADAQABAAACAQDO/UDx8JpU8JggO98UK8NK0cnIhoe4or8QtOvc1ErKWK6GnfeIQ9+Tk+3r4W4HBagn/+n5PXbMW8CPiT73YeLKo28RIVgmr+de3e+2lL1m2/nXM6vTJl3YdL6bkkgYXSMWceAXDhP9DXICzAydYmzzrzQ3KUk01mlw/rV4Ov7cJsmJJ1OzOxQOCGK5Y1s9Zex13NRU+TjEzhrdhU3/t+MH/+ikf2XVVOD5VaDqoNFRu4LNvtBO6zXttD5eEKFU6kh+tddbfRWgrzZLRBSOyqwOAOTgiaxU+CDhJw3/P8+jBA9t0beTyELO39oh1zCNgRTc/GbvOo9iTYHyZSsHW9boUn/fEzCI/XFFq3cn4n6O7w4gNo3Lurxu27+Vxe/AYB+hUkhOH2aUMPOi6QTs14HXs0HIND74AG4CVqers1lOSyejH1YpbhW3xoMhFBYX3fbPy+6gsdivNaLS0hl49mhBTgVV07AAa8Easl7khE9exJ4P7CFkPYE13QqfbOCkuhbooXXJyJPhI67LcDL85drDMIbf6xVvOtUiTglEVgVtDW2gA9z0DBv0XbkxenBTL5RnQL18YD+nbKhd+aPLxKvmPl8nU9/nNiwtQeSzicwXykT4Jj4tfUyYs5T51LKGhQ+S/mdcddMKIro/XgavFnrulukHo3iIZFFZajktCqwThw== vagrant@mgmt\n"
            },
            "metadata_fingerprint": "QcP3skVu7iw=",
            "metadata_startup_script": null,
            "min_cpu_platform": "",
            "name": "expressed1",
            "network_interface": [
              {
                "access_config": [
                  {
                    "nat_ip": "34.105.190.124",
                    "network_tier": "PREMIUM",
                    "public_ptr_domain_name": ""
                  }
                ],
                "alias_ip_range": [],
                "ipv6_access_config": [],
                "ipv6_access_type": "",
                "name": "nic0",
                "network": "https://www.googleapis.com/compute/v1/projects/agisit-2022-proj-21/global/networks/default",
                "network_ip": "10.154.0.42",
                "nic_type": "",
                "queue_count": 0,
                "stack_type": "IPV4_ONLY",
                "subnetwork": "https://www.googleapis.com/compute/v1/projects/agisit-2022-proj-21/regions/europe-west2/subnetworks/default",
                "subnetwork_project": "agisit-2022-proj-21"
              }
            ],
            "project": "agisit-2022-proj-21",
            "reservation_affinity": [],
            "resource_policies": null,
            "scheduling": [
              {
                "automatic_restart": true,
                "instance_termination_action": "",
                "min_node_cpus": 0,
                "node_affinities": [],
                "on_host_maintenance": "MIGRATE",
                "preemptible": false,
                "provisioning_model": "STANDARD"
              }
            ],
            "scratch_disk": [],
            "self_link": "https://www.googleapis.com/compute/v1/projects/agisit-2022-proj-21/zones/europe-west2-c/instances/expressed1",
            "service_account": [],
            "shielded_instance_config": [
              {
                "enable_integrity_monitoring": true,
                "enable_secure_boot": false,
                "enable_vtpm": true
              }
            ],
            "tags": [
              "expressed"
            ],
            "tags_fingerprint": "jQIIQ8zwvwg=",
            "timeouts": null,
            "zone": "europe-west2-c"
          },
          "sensitive_attributes": [],
          "private": "eyJlMmJmYjczMC1lY2FhLTExZTYtOGY4OC0zNDM2M2JjN2M0YzAiOnsiY3JlYXRlIjoxMjAwMDAwMDAwMDAwLCJkZWxldGUiOjEyMDAwMDAwMDAwMDAsInVwZGF0ZSI6MTIwMDAwMDAwMDAwMH0sInNjaGVtYV92ZXJzaW9uIjoiNiJ9"
        }
      ]
    },
    {
      "mode": "managed",
      "type": "google_compute_instance",
      "name": "happy",
      "provider": "provider[\"registry.terraform.io/hashicorp/google\"]",
      "instances": [
        {
          "index_key": 0,
          "schema_version": 6,
          "attributes": {
            "advanced_machine_features": [],
            "allow_stopping_for_update": null,
            "attached_disk": [],
            "boot_disk": [
              {
                "auto_delete": true,
                "device_name": "persistent-disk-0",
                "disk_encryption_key_raw": "",
                "disk_encryption_key_sha256": "",
                "initialize_params": [
                  {
                    "image": "https://www.googleapis.com/compute/v1/projects/ubuntu-os-cloud/global/images/ubuntu-2004-focal-v20221015",
                    "labels": {},
                    "size": 10,
                    "type": "pd-standard"
                  }
                ],
                "kms_key_self_link": "",
                "mode": "READ_WRITE",
                "source": "https://www.googleapis.com/compute/v1/projects/agisit-2022-proj-21/zones/europe-west2-c/disks/happy1"
              }
            ],
            "can_ip_forward": false,
            "confidential_instance_config": [],
            "cpu_platform": "Intel Broadwell",
            "current_status": "RUNNING",
            "deletion_protection": false,
            "description": "",
            "desired_status": null,
            "enable_display": false,
            "guest_accelerator": [],
            "hostname": "",
            "id": "projects/agisit-2022-proj-21/zones/europe-west2-c/instances/happy1",
            "instance_id": "2081814262653227908",
            "label_fingerprint": "42WmSpB8rSM=",
            "labels": null,
            "machine_type": "n1-standard-1",
            "metadata": {
              "ssh-keys": "ubuntu:ssh-rsa AAAAB3NzaC1yc2EAAAADAQABAAACAQDO/UDx8JpU8JggO98UK8NK0cnIhoe4or8QtOvc1ErKWK6GnfeIQ9+Tk+3r4W4HBagn/+n5PXbMW8CPiT73YeLKo28RIVgmr+de3e+2lL1m2/nXM6vTJl3YdL6bkkgYXSMWceAXDhP9DXICzAydYmzzrzQ3KUk01mlw/rV4Ov7cJsmJJ1OzOxQOCGK5Y1s9Zex13NRU+TjEzhrdhU3/t+MH/+ikf2XVVOD5VaDqoNFRu4LNvtBO6zXttD5eEKFU6kh+tddbfRWgrzZLRBSOyqwOAOTgiaxU+CDhJw3/P8+jBA9t0beTyELO39oh1zCNgRTc/GbvOo9iTYHyZSsHW9boUn/fEzCI/XFFq3cn4n6O7w4gNo3Lurxu27+Vxe/AYB+hUkhOH2aUMPOi6QTs14HXs0HIND74AG4CVqers1lOSyejH1YpbhW3xoMhFBYX3fbPy+6gsdivNaLS0hl49mhBTgVV07AAa8Easl7khE9exJ4P7CFkPYE13QqfbOCkuhbooXXJyJPhI67LcDL85drDMIbf6xVvOtUiTglEVgVtDW2gA9z0DBv0XbkxenBTL5RnQL18YD+nbKhd+aPLxKvmPl8nU9/nNiwtQeSzicwXykT4Jj4tfUyYs5T51LKGhQ+S/mdcddMKIro/XgavFnrulukHo3iIZFFZajktCqwThw== vagrant@mgmt\n"
            },
            "metadata_fingerprint": "QcP3skVu7iw=",
            "metadata_startup_script": null,
            "min_cpu_platform": "",
            "name": "happy1",
            "network_interface": [
              {
                "access_config": [
                  {
                    "nat_ip": "35.189.64.55",
                    "network_tier": "PREMIUM",
                    "public_ptr_domain_name": ""
                  }
                ],
                "alias_ip_range": [],
                "ipv6_access_config": [],
                "ipv6_access_type": "",
                "name": "nic0",
                "network": "https://www.googleapis.com/compute/v1/projects/agisit-2022-proj-21/global/networks/default",
                "network_ip": "10.154.0.44",
                "nic_type": "",
                "queue_count": 0,
                "stack_type": "IPV4_ONLY",
                "subnetwork": "https://www.googleapis.com/compute/v1/projects/agisit-2022-proj-21/regions/europe-west2/subnetworks/default",
                "subnetwork_project": "agisit-2022-proj-21"
              }
            ],
            "project": "agisit-2022-proj-21",
            "reservation_affinity": [],
            "resource_policies": null,
            "scheduling": [
              {
                "automatic_restart": true,
                "instance_termination_action": "",
                "min_node_cpus": 0,
                "node_affinities": [],
                "on_host_maintenance": "MIGRATE",
                "preemptible": false,
                "provisioning_model": "STANDARD"
              }
            ],
            "scratch_disk": [],
            "self_link": "https://www.googleapis.com/compute/v1/projects/agisit-2022-proj-21/zones/europe-west2-c/instances/happy1",
            "service_account": [],
            "shielded_instance_config": [
              {
                "enable_integrity_monitoring": true,
                "enable_secure_boot": false,
                "enable_vtpm": true
              }
            ],
            "tags": [
              "happy"
            ],
            "tags_fingerprint": "KMIjEaMtAkE=",
            "timeouts": null,
            "zone": "europe-west2-c"
          },
          "sensitive_attributes": [],
          "private": "eyJlMmJmYjczMC1lY2FhLTExZTYtOGY4OC0zNDM2M2JjN2M0YzAiOnsiY3JlYXRlIjoxMjAwMDAwMDAwMDAwLCJkZWxldGUiOjEyMDAwMDAwMDAwMDAsInVwZGF0ZSI6MTIwMDAwMDAwMDAwMH0sInNjaGVtYV92ZXJzaW9uIjoiNiJ9"
        }
      ]
    },
    {
      "mode": "managed",
      "type": "google_compute_instance",
      "name": "vuecalc",
      "provider": "provider[\"registry.terraform.io/hashicorp/google\"]",
      "instances": [
        {
          "index_key": 0,
          "schema_version": 6,
          "attributes": {
            "advanced_machine_features": [],
            "allow_stopping_for_update": null,
            "attached_disk": [],
            "boot_disk": [
              {
                "auto_delete": true,
                "device_name": "persistent-disk-0",
                "disk_encryption_key_raw": "",
                "disk_encryption_key_sha256": "",
                "initialize_params": [
                  {
                    "image": "https://www.googleapis.com/compute/v1/projects/ubuntu-os-cloud/global/images/ubuntu-2004-focal-v20221015",
                    "labels": {},
                    "size": 10,
                    "type": "pd-standard"
                  }
                ],
                "kms_key_self_link": "",
                "mode": "READ_WRITE",
                "source": "https://www.googleapis.com/compute/v1/projects/agisit-2022-proj-21/zones/europe-west2-c/disks/vuecalc1"
              }
            ],
            "can_ip_forward": false,
            "confidential_instance_config": [],
            "cpu_platform": "Intel Broadwell",
            "current_status": "RUNNING",
            "deletion_protection": false,
            "description": "",
            "desired_status": null,
            "enable_display": false,
            "guest_accelerator": [],
            "hostname": "",
            "id": "projects/agisit-2022-proj-21/zones/europe-west2-c/instances/vuecalc1",
            "instance_id": "7053284868218262404",
            "label_fingerprint": "42WmSpB8rSM=",
            "labels": null,
            "machine_type": "n1-standard-1",
            "metadata": {
              "ssh-keys": "ubuntu:ssh-rsa AAAAB3NzaC1yc2EAAAADAQABAAACAQDO/UDx8JpU8JggO98UK8NK0cnIhoe4or8QtOvc1ErKWK6GnfeIQ9+Tk+3r4W4HBagn/+n5PXbMW8CPiT73YeLKo28RIVgmr+de3e+2lL1m2/nXM6vTJl3YdL6bkkgYXSMWceAXDhP9DXICzAydYmzzrzQ3KUk01mlw/rV4Ov7cJsmJJ1OzOxQOCGK5Y1s9Zex13NRU+TjEzhrdhU3/t+MH/+ikf2XVVOD5VaDqoNFRu4LNvtBO6zXttD5eEKFU6kh+tddbfRWgrzZLRBSOyqwOAOTgiaxU+CDhJw3/P8+jBA9t0beTyELO39oh1zCNgRTc/GbvOo9iTYHyZSsHW9boUn/fEzCI/XFFq3cn4n6O7w4gNo3Lurxu27+Vxe/AYB+hUkhOH2aUMPOi6QTs14HXs0HIND74AG4CVqers1lOSyejH1YpbhW3xoMhFBYX3fbPy+6gsdivNaLS0hl49mhBTgVV07AAa8Easl7khE9exJ4P7CFkPYE13QqfbOCkuhbooXXJyJPhI67LcDL85drDMIbf6xVvOtUiTglEVgVtDW2gA9z0DBv0XbkxenBTL5RnQL18YD+nbKhd+aPLxKvmPl8nU9/nNiwtQeSzicwXykT4Jj4tfUyYs5T51LKGhQ+S/mdcddMKIro/XgavFnrulukHo3iIZFFZajktCqwThw== vagrant@mgmt\n"
            },
            "metadata_fingerprint": "QcP3skVu7iw=",
            "metadata_startup_script": null,
            "min_cpu_platform": "",
            "name": "vuecalc1",
            "network_interface": [
              {
                "access_config": [
                  {
                    "nat_ip": "34.142.16.214",
                    "network_tier": "PREMIUM",
                    "public_ptr_domain_name": ""
                  }
                ],
                "alias_ip_range": [],
                "ipv6_access_config": [],
                "ipv6_access_type": "",
                "name": "nic0",
                "network": "https://www.googleapis.com/compute/v1/projects/agisit-2022-proj-21/global/networks/default",
                "network_ip": "10.154.0.43",
                "nic_type": "",
                "queue_count": 0,
                "stack_type": "IPV4_ONLY",
                "subnetwork": "https://www.googleapis.com/compute/v1/projects/agisit-2022-proj-21/regions/europe-west2/subnetworks/default",
                "subnetwork_project": "agisit-2022-proj-21"
              }
            ],
            "project": "agisit-2022-proj-21",
            "reservation_affinity": [],
            "resource_policies": null,
            "scheduling": [
              {
                "automatic_restart": true,
                "instance_termination_action": "",
                "min_node_cpus": 0,
                "node_affinities": [],
                "on_host_maintenance": "MIGRATE",
                "preemptible": false,
                "provisioning_model": "STANDARD"
              }
            ],
            "scratch_disk": [],
            "self_link": "https://www.googleapis.com/compute/v1/projects/agisit-2022-proj-21/zones/europe-west2-c/instances/vuecalc1",
            "service_account": [],
            "shielded_instance_config": [
              {
                "enable_integrity_monitoring": true,
                "enable_secure_boot": false,
                "enable_vtpm": true
              }
            ],
            "tags": [
              "vuecalc"
            ],
            "tags_fingerprint": "upvbUM-JrhE=",
            "timeouts": null,
            "zone": "europe-west2-c"
          },
          "sensitive_attributes": [],
          "private": "eyJlMmJmYjczMC1lY2FhLTExZTYtOGY4OC0zNDM2M2JjN2M0YzAiOnsiY3JlYXRlIjoxMjAwMDAwMDAwMDAwLCJkZWxldGUiOjEyMDAwMDAwMDAwMDAsInVwZGF0ZSI6MTIwMDAwMDAwMDAwMH0sInNjaGVtYV92ZXJzaW9uIjoiNiJ9"
        }
      ]
    },
    {
      "mode": "managed",
      "type": "local_file",
      "name": "hosts_cfg",
      "provider": "provider[\"registry.terraform.io/hashicorp/local\"]",
      "instances": [
        {
          "schema_version": 0,
          "attributes": {
            "content": "balancer ansible_host=34.142.48.238 ansible_user=ubuntu ansible_connection=ssh\r\nbootstorage_1 ansible_host=34.142.77.157 ansible_user=ubuntu ansible_connection=ssh\r\nexpressed_1 ansible_host=34.105.190.124 ansible_user=ubuntu ansible_connection=ssh\r\nhappy_1 ansible_host=35.189.64.55 ansible_user=ubuntu ansible_connection=ssh\r\nvuecalc_1 ansible_host=34.142.16.214 ansible_user=ubuntu ansible_connection=ssh\r\n\r\n[osmgmt]\r\nlocalhost           ansible_connection=local\r\n\r\n[loadbal]\r\nbalancer\r\n\r\n[bootstorage]\r\nbootstorage_1\r\n#bootstorage_2\r\n\r\n[expressed]\r\nexpressed_1\r\n#expressed_2\r\n\r\n[happy]\r\nhappy_1\r\n#happy_2\r\n\r\n[vuecalc]\r\nvuecalc_1\r\n#vuecalc_2\r\n\r\n[targets:children]\r\nloadbal\r\nbootstorage\r\nexpressed\r\nhappy\r\nvuecalc",
            "content_base64": null,
            "directory_permission": "0777",
            "file_permission": "0777",
            "filename": "gcphosts",
            "id": "465dc5234c31f231014837629441e808dfb4f47c",
            "sensitive_content": null,
            "source": null
          },
          "sensitive_attributes": [],
          "private": "bnVsbA==",
          "dependencies": [
            "google_compute_instance.balancer",
            "google_compute_instance.bootstorage",
            "google_compute_instance.expressed",
            "google_compute_instance.happy",
            "google_compute_instance.vuecalc"
          ]
        }
      ]
    }
  ],
  "check_results": null
}
