{
  "version": 4,
  "terraform_version": "1.3.4",
  "serial": 151,
  "lineage": "7734efc4-b9d2-f016-76db-107d3bda76ba",
  "outputs": {
    "balancer": {
      "value": "34.89.9.109",
      "type": "string"
    },
    "balancer_ssh": {
      "value": "https://www.googleapis.com/compute/v1/projects/agisit-2022-proj-21/zones/europe-west2-c/instances/balancer",
      "type": "string"
    },
    "bootstorage_IPs": {
      "value": [
        "bootstorage1 = 34.105.183.222"
      ],
      "type": [
        "list",
        "string"
      ]
    },
    "expressed_IPs": {
      "value": [
        "expressed1 = 34.89.6.107"
      ],
      "type": [
        "list",
        "string"
      ]
    },
    "happy_IPs": {
      "value": [
        "happy1 = 34.105.226.3"
      ],
      "type": [
        "list",
        "string"
      ]
    },
    "monitoring_IPs": {
      "value": [
        "monitor = 35.242.173.85"
      ],
      "type": [
        "list",
        "string"
      ]
    },
    "vuecalc_IPs": {
      "value": [
        "vuecalc1 = 35.189.98.152",
        "vuecalc2 = 34.105.182.50"
      ],
      "type": [
        "list",
        "string"
      ]
    }
  },
  "resources": [
    {
      "mode": "managed",
      "type": "google_compute_instance",
      "name": "balancer",
      "provider": "provider[\"registry.terraform.io/hashicorp/google\"]",
      "instances": [
        {
          "schema_version": 6,
          "attributes": {
            "advanced_machine_features": [],
            "allow_stopping_for_update": null,
            "attached_disk": [],
            "boot_disk": [
              {
                "auto_delete": true,
                "device_name": "persistent-disk-0",
                "disk_encryption_key_raw": "",
                "disk_encryption_key_sha256": "",
                "initialize_params": [
                  {
                    "image": "https://www.googleapis.com/compute/v1/projects/ubuntu-os-cloud/global/images/ubuntu-2004-focal-v20221015",
                    "labels": {},
                    "size": 10,
                    "type": "pd-standard"
                  }
                ],
                "kms_key_self_link": "",
                "mode": "READ_WRITE",
                "source": "https://www.googleapis.com/compute/v1/projects/agisit-2022-proj-21/zones/europe-west2-c/disks/balancer"
              }
            ],
            "can_ip_forward": false,
            "confidential_instance_config": [],
            "cpu_platform": "Intel Broadwell",
            "current_status": "RUNNING",
            "deletion_protection": false,
            "description": "",
            "desired_status": null,
            "enable_display": false,
            "guest_accelerator": [],
            "hostname": "",
            "id": "projects/agisit-2022-proj-21/zones/europe-west2-c/instances/balancer",
            "instance_id": "6129149635744982255",
            "label_fingerprint": "42WmSpB8rSM=",
            "labels": null,
            "machine_type": "n1-standard-1",
            "metadata": {
              "ssh-keys": "ubuntu:ssh-rsa AAAAB3NzaC1yc2EAAAADAQABAAACAQCdW5SLS7b8fGFuLFvA0MIhnBbIKVNG+dgp9l6n/oBor6rLLss3Wlm9U3DEsnE54lHLt6OUeBuuiLDb3RTj+L1wMf7m7u/mAGWUXJJl+/xcmVnxe6Kt34Wyn0Igv2H46xMhiOhkWnEhlVl4Zdk8h9Zy242VHWHLQ09pb8+nj1XnwFUqjS6PaTfqYTSaOUwZlJMZegdJwR3jLu6F4i33g1R03APEBLC1Ul+CuJ70vuZkMt4vatlccuRV2VxU7JFCc9OWI7vSCIeqUsh3P8M1GpuNzj2OlEjlT9u/XASFeJn8xTNK56ykexoKNO4nGgDSLRtsINJtJrTLaNX35xMNrwVYObLSYaCWkwQPN/4JWFIsXNKidLNY/nsqsFCVchYsnTSKIc9yrFr9G+ljvdw9sJfwgam4OaByG1F1HCMLKuXHl5PT7EoxI/xtAZQ3BYGbXhzM6TKK4qrLqiwGK+bpvgQLXiWXxS/nsD5Kq7yGVjh5Y7zF2vIXu3reGMkSOVZ/YNgcwZqLGOCnZgviva3Ac0KWwtf6GZ5WMFaPQcH4xLqcbxFljLipXKytKvWeVSeKIktPYUMmsIAe0MvMDA8PXv8B2qL/dnzpS+0ODAix8kqC8YN7PyZUrDGFa+BF9m08gwF7mlHrncdr0Aj9wwrJZyRijiKpUPSufqlU/+ovsf/QBw== vagrant@mgmt\n"
            },
            "metadata_fingerprint": "V79py_1Lruw=",
            "metadata_startup_script": null,
            "min_cpu_platform": "",
            "name": "balancer",
            "network_interface": [
              {
                "access_config": [
                  {
                    "nat_ip": "34.89.9.109",
                    "network_tier": "PREMIUM",
                    "public_ptr_domain_name": ""
                  }
                ],
                "alias_ip_range": [],
                "ipv6_access_config": [],
                "ipv6_access_type": "",
                "name": "nic0",
                "network": "https://www.googleapis.com/compute/v1/projects/agisit-2022-proj-21/global/networks/default",
                "network_ip": "10.154.0.46",
                "nic_type": "",
                "queue_count": 0,
                "stack_type": "IPV4_ONLY",
                "subnetwork": "https://www.googleapis.com/compute/v1/projects/agisit-2022-proj-21/regions/europe-west2/subnetworks/default",
                "subnetwork_project": "agisit-2022-proj-21"
              }
            ],
            "project": "agisit-2022-proj-21",
            "reservation_affinity": [],
            "resource_policies": null,
            "scheduling": [
              {
                "automatic_restart": true,
                "instance_termination_action": "",
                "min_node_cpus": 0,
                "node_affinities": [],
                "on_host_maintenance": "MIGRATE",
                "preemptible": false,
                "provisioning_model": "STANDARD"
              }
            ],
            "scratch_disk": [],
            "self_link": "https://www.googleapis.com/compute/v1/projects/agisit-2022-proj-21/zones/europe-west2-c/instances/balancer",
            "service_account": [],
            "shielded_instance_config": [
              {
                "enable_integrity_monitoring": true,
                "enable_secure_boot": false,
                "enable_vtpm": true
              }
            ],
            "tags": [
              "balancer"
            ],
            "tags_fingerprint": "7RIB79AHyl4=",
            "timeouts": null,
            "zone": "europe-west2-c"
          },
          "sensitive_attributes": [],
          "private": "eyJlMmJmYjczMC1lY2FhLTExZTYtOGY4OC0zNDM2M2JjN2M0YzAiOnsiY3JlYXRlIjoxMjAwMDAwMDAwMDAwLCJkZWxldGUiOjEyMDAwMDAwMDAwMDAsInVwZGF0ZSI6MTIwMDAwMDAwMDAwMH0sInNjaGVtYV92ZXJzaW9uIjoiNiJ9"
        }
      ]
    },
    {
      "mode": "managed",
      "type": "google_compute_instance",
      "name": "bootstorage",
      "provider": "provider[\"registry.terraform.io/hashicorp/google\"]",
      "instances": [
        {
          "index_key": 0,
          "schema_version": 6,
          "attributes": {
            "advanced_machine_features": [],
            "allow_stopping_for_update": null,
            "attached_disk": [],
            "boot_disk": [
              {
                "auto_delete": true,
                "device_name": "persistent-disk-0",
                "disk_encryption_key_raw": "",
                "disk_encryption_key_sha256": "",
                "initialize_params": [
                  {
                    "image": "https://www.googleapis.com/compute/v1/projects/ubuntu-os-cloud/global/images/ubuntu-2004-focal-v20221015",
                    "labels": {},
                    "size": 10,
                    "type": "pd-standard"
                  }
                ],
                "kms_key_self_link": "",
                "mode": "READ_WRITE",
                "source": "https://www.googleapis.com/compute/v1/projects/agisit-2022-proj-21/zones/europe-west2-c/disks/bootstorage1"
              }
            ],
            "can_ip_forward": false,
            "confidential_instance_config": [],
            "cpu_platform": "Intel Broadwell",
            "current_status": "RUNNING",
            "deletion_protection": false,
            "description": "",
            "desired_status": null,
            "enable_display": false,
            "guest_accelerator": [],
            "hostname": "",
            "id": "projects/agisit-2022-proj-21/zones/europe-west2-c/instances/bootstorage1",
            "instance_id": "734390254899520751",
            "label_fingerprint": "42WmSpB8rSM=",
            "labels": null,
            "machine_type": "n1-standard-1",
            "metadata": {
              "ssh-keys": "ubuntu:ssh-rsa AAAAB3NzaC1yc2EAAAADAQABAAACAQCdW5SLS7b8fGFuLFvA0MIhnBbIKVNG+dgp9l6n/oBor6rLLss3Wlm9U3DEsnE54lHLt6OUeBuuiLDb3RTj+L1wMf7m7u/mAGWUXJJl+/xcmVnxe6Kt34Wyn0Igv2H46xMhiOhkWnEhlVl4Zdk8h9Zy242VHWHLQ09pb8+nj1XnwFUqjS6PaTfqYTSaOUwZlJMZegdJwR3jLu6F4i33g1R03APEBLC1Ul+CuJ70vuZkMt4vatlccuRV2VxU7JFCc9OWI7vSCIeqUsh3P8M1GpuNzj2OlEjlT9u/XASFeJn8xTNK56ykexoKNO4nGgDSLRtsINJtJrTLaNX35xMNrwVYObLSYaCWkwQPN/4JWFIsXNKidLNY/nsqsFCVchYsnTSKIc9yrFr9G+ljvdw9sJfwgam4OaByG1F1HCMLKuXHl5PT7EoxI/xtAZQ3BYGbXhzM6TKK4qrLqiwGK+bpvgQLXiWXxS/nsD5Kq7yGVjh5Y7zF2vIXu3reGMkSOVZ/YNgcwZqLGOCnZgviva3Ac0KWwtf6GZ5WMFaPQcH4xLqcbxFljLipXKytKvWeVSeKIktPYUMmsIAe0MvMDA8PXv8B2qL/dnzpS+0ODAix8kqC8YN7PyZUrDGFa+BF9m08gwF7mlHrncdr0Aj9wwrJZyRijiKpUPSufqlU/+ovsf/QBw== vagrant@mgmt\n"
            },
            "metadata_fingerprint": "V79py_1Lruw=",
            "metadata_startup_script": null,
            "min_cpu_platform": "",
            "name": "bootstorage1",
            "network_interface": [
              {
                "access_config": [
                  {
                    "nat_ip": "34.105.183.222",
                    "network_tier": "PREMIUM",
                    "public_ptr_domain_name": ""
                  }
                ],
                "alias_ip_range": [],
                "ipv6_access_config": [],
                "ipv6_access_type": "",
                "name": "nic0",
                "network": "https://www.googleapis.com/compute/v1/projects/agisit-2022-proj-21/global/networks/default",
                "network_ip": "10.154.0.49",
                "nic_type": "",
                "queue_count": 0,
                "stack_type": "IPV4_ONLY",
                "subnetwork": "https://www.googleapis.com/compute/v1/projects/agisit-2022-proj-21/regions/europe-west2/subnetworks/default",
                "subnetwork_project": "agisit-2022-proj-21"
              }
            ],
            "project": "agisit-2022-proj-21",
            "reservation_affinity": [],
            "resource_policies": null,
            "scheduling": [
              {
                "automatic_restart": true,
                "instance_termination_action": "",
                "min_node_cpus": 0,
                "node_affinities": [],
                "on_host_maintenance": "MIGRATE",
                "preemptible": false,
                "provisioning_model": "STANDARD"
              }
            ],
            "scratch_disk": [],
            "self_link": "https://www.googleapis.com/compute/v1/projects/agisit-2022-proj-21/zones/europe-west2-c/instances/bootstorage1",
            "service_account": [],
            "shielded_instance_config": [
              {
                "enable_integrity_monitoring": true,
                "enable_secure_boot": false,
                "enable_vtpm": true
              }
            ],
            "tags": [
              "bootstorage"
            ],
            "tags_fingerprint": "wgXf_SnZNKI=",
            "timeouts": null,
            "zone": "europe-west2-c"
          },
          "sensitive_attributes": [],
          "private": "eyJlMmJmYjczMC1lY2FhLTExZTYtOGY4OC0zNDM2M2JjN2M0YzAiOnsiY3JlYXRlIjoxMjAwMDAwMDAwMDAwLCJkZWxldGUiOjEyMDAwMDAwMDAwMDAsInVwZGF0ZSI6MTIwMDAwMDAwMDAwMH0sInNjaGVtYV92ZXJzaW9uIjoiNiJ9"
        }
      ]
    },
    {
      "mode": "managed",
      "type": "google_compute_instance",
      "name": "expressed",
      "provider": "provider[\"registry.terraform.io/hashicorp/google\"]",
      "instances": [
        {
          "index_key": 0,
          "schema_version": 6,
          "attributes": {
            "advanced_machine_features": [],
            "allow_stopping_for_update": null,
            "attached_disk": [],
            "boot_disk": [
              {
                "auto_delete": true,
                "device_name": "persistent-disk-0",
                "disk_encryption_key_raw": "",
                "disk_encryption_key_sha256": "",
                "initialize_params": [
                  {
                    "image": "https://www.googleapis.com/compute/v1/projects/ubuntu-os-cloud/global/images/ubuntu-2004-focal-v20221015",
                    "labels": {},
                    "size": 10,
                    "type": "pd-standard"
                  }
                ],
                "kms_key_self_link": "",
                "mode": "READ_WRITE",
                "source": "https://www.googleapis.com/compute/v1/projects/agisit-2022-proj-21/zones/europe-west2-c/disks/expressed1"
              }
            ],
            "can_ip_forward": false,
            "confidential_instance_config": [],
            "cpu_platform": "Intel Broadwell",
            "current_status": "RUNNING",
            "deletion_protection": false,
            "description": "",
            "desired_status": null,
            "enable_display": false,
            "guest_accelerator": [],
            "hostname": "",
            "id": "projects/agisit-2022-proj-21/zones/europe-west2-c/instances/expressed1",
            "instance_id": "4799625406708409582",
            "label_fingerprint": "42WmSpB8rSM=",
            "labels": null,
            "machine_type": "n1-standard-1",
            "metadata": {
              "ssh-keys": "ubuntu:ssh-rsa AAAAB3NzaC1yc2EAAAADAQABAAACAQCdW5SLS7b8fGFuLFvA0MIhnBbIKVNG+dgp9l6n/oBor6rLLss3Wlm9U3DEsnE54lHLt6OUeBuuiLDb3RTj+L1wMf7m7u/mAGWUXJJl+/xcmVnxe6Kt34Wyn0Igv2H46xMhiOhkWnEhlVl4Zdk8h9Zy242VHWHLQ09pb8+nj1XnwFUqjS6PaTfqYTSaOUwZlJMZegdJwR3jLu6F4i33g1R03APEBLC1Ul+CuJ70vuZkMt4vatlccuRV2VxU7JFCc9OWI7vSCIeqUsh3P8M1GpuNzj2OlEjlT9u/XASFeJn8xTNK56ykexoKNO4nGgDSLRtsINJtJrTLaNX35xMNrwVYObLSYaCWkwQPN/4JWFIsXNKidLNY/nsqsFCVchYsnTSKIc9yrFr9G+ljvdw9sJfwgam4OaByG1F1HCMLKuXHl5PT7EoxI/xtAZQ3BYGbXhzM6TKK4qrLqiwGK+bpvgQLXiWXxS/nsD5Kq7yGVjh5Y7zF2vIXu3reGMkSOVZ/YNgcwZqLGOCnZgviva3Ac0KWwtf6GZ5WMFaPQcH4xLqcbxFljLipXKytKvWeVSeKIktPYUMmsIAe0MvMDA8PXv8B2qL/dnzpS+0ODAix8kqC8YN7PyZUrDGFa+BF9m08gwF7mlHrncdr0Aj9wwrJZyRijiKpUPSufqlU/+ovsf/QBw== vagrant@mgmt\n"
            },
            "metadata_fingerprint": "V79py_1Lruw=",
            "metadata_startup_script": null,
            "min_cpu_platform": "",
            "name": "expressed1",
            "network_interface": [
              {
                "access_config": [
                  {
                    "nat_ip": "34.89.6.107",
                    "network_tier": "PREMIUM",
                    "public_ptr_domain_name": ""
                  }
                ],
                "alias_ip_range": [],
                "ipv6_access_config": [],
                "ipv6_access_type": "",
                "name": "nic0",
                "network": "https://www.googleapis.com/compute/v1/projects/agisit-2022-proj-21/global/networks/default",
                "network_ip": "10.154.0.51",
                "nic_type": "",
                "queue_count": 0,
                "stack_type": "IPV4_ONLY",
                "subnetwork": "https://www.googleapis.com/compute/v1/projects/agisit-2022-proj-21/regions/europe-west2/subnetworks/default",
                "subnetwork_project": "agisit-2022-proj-21"
              }
            ],
            "project": "agisit-2022-proj-21",
            "reservation_affinity": [],
            "resource_policies": null,
            "scheduling": [
              {
                "automatic_restart": true,
                "instance_termination_action": "",
                "min_node_cpus": 0,
                "node_affinities": [],
                "on_host_maintenance": "MIGRATE",
                "preemptible": false,
                "provisioning_model": "STANDARD"
              }
            ],
            "scratch_disk": [],
            "self_link": "https://www.googleapis.com/compute/v1/projects/agisit-2022-proj-21/zones/europe-west2-c/instances/expressed1",
            "service_account": [],
            "shielded_instance_config": [
              {
                "enable_integrity_monitoring": true,
                "enable_secure_boot": false,
                "enable_vtpm": true
              }
            ],
            "tags": [
              "expressed"
            ],
            "tags_fingerprint": "jQIIQ8zwvwg=",
            "timeouts": null,
            "zone": "europe-west2-c"
          },
          "sensitive_attributes": [],
          "private": "eyJlMmJmYjczMC1lY2FhLTExZTYtOGY4OC0zNDM2M2JjN2M0YzAiOnsiY3JlYXRlIjoxMjAwMDAwMDAwMDAwLCJkZWxldGUiOjEyMDAwMDAwMDAwMDAsInVwZGF0ZSI6MTIwMDAwMDAwMDAwMH0sInNjaGVtYV92ZXJzaW9uIjoiNiJ9"
        }
      ]
    },
    {
      "mode": "managed",
      "type": "google_compute_instance",
      "name": "happy",
      "provider": "provider[\"registry.terraform.io/hashicorp/google\"]",
      "instances": [
        {
          "index_key": 0,
          "schema_version": 6,
          "attributes": {
            "advanced_machine_features": [],
            "allow_stopping_for_update": null,
            "attached_disk": [],
            "boot_disk": [
              {
                "auto_delete": true,
                "device_name": "persistent-disk-0",
                "disk_encryption_key_raw": "",
                "disk_encryption_key_sha256": "",
                "initialize_params": [
                  {
                    "image": "https://www.googleapis.com/compute/v1/projects/ubuntu-os-cloud/global/images/ubuntu-2004-focal-v20221015",
                    "labels": {},
                    "size": 10,
                    "type": "pd-standard"
                  }
                ],
                "kms_key_self_link": "",
                "mode": "READ_WRITE",
                "source": "https://www.googleapis.com/compute/v1/projects/agisit-2022-proj-21/zones/europe-west2-c/disks/happy1"
              }
            ],
            "can_ip_forward": false,
            "confidential_instance_config": [],
            "cpu_platform": "Intel Broadwell",
            "current_status": "RUNNING",
            "deletion_protection": false,
            "description": "",
            "desired_status": null,
            "enable_display": false,
            "guest_accelerator": [],
            "hostname": "",
            "id": "projects/agisit-2022-proj-21/zones/europe-west2-c/instances/happy1",
            "instance_id": "4865964543849489647",
            "label_fingerprint": "42WmSpB8rSM=",
            "labels": null,
            "machine_type": "n1-standard-1",
            "metadata": {
              "ssh-keys": "ubuntu:ssh-rsa AAAAB3NzaC1yc2EAAAADAQABAAACAQCdW5SLS7b8fGFuLFvA0MIhnBbIKVNG+dgp9l6n/oBor6rLLss3Wlm9U3DEsnE54lHLt6OUeBuuiLDb3RTj+L1wMf7m7u/mAGWUXJJl+/xcmVnxe6Kt34Wyn0Igv2H46xMhiOhkWnEhlVl4Zdk8h9Zy242VHWHLQ09pb8+nj1XnwFUqjS6PaTfqYTSaOUwZlJMZegdJwR3jLu6F4i33g1R03APEBLC1Ul+CuJ70vuZkMt4vatlccuRV2VxU7JFCc9OWI7vSCIeqUsh3P8M1GpuNzj2OlEjlT9u/XASFeJn8xTNK56ykexoKNO4nGgDSLRtsINJtJrTLaNX35xMNrwVYObLSYaCWkwQPN/4JWFIsXNKidLNY/nsqsFCVchYsnTSKIc9yrFr9G+ljvdw9sJfwgam4OaByG1F1HCMLKuXHl5PT7EoxI/xtAZQ3BYGbXhzM6TKK4qrLqiwGK+bpvgQLXiWXxS/nsD5Kq7yGVjh5Y7zF2vIXu3reGMkSOVZ/YNgcwZqLGOCnZgviva3Ac0KWwtf6GZ5WMFaPQcH4xLqcbxFljLipXKytKvWeVSeKIktPYUMmsIAe0MvMDA8PXv8B2qL/dnzpS+0ODAix8kqC8YN7PyZUrDGFa+BF9m08gwF7mlHrncdr0Aj9wwrJZyRijiKpUPSufqlU/+ovsf/QBw== vagrant@mgmt\n"
            },
            "metadata_fingerprint": "V79py_1Lruw=",
            "metadata_startup_script": null,
            "min_cpu_platform": "",
            "name": "happy1",
            "network_interface": [
              {
                "access_config": [
                  {
                    "nat_ip": "34.105.226.3",
                    "network_tier": "PREMIUM",
                    "public_ptr_domain_name": ""
                  }
                ],
                "alias_ip_range": [],
                "ipv6_access_config": [],
                "ipv6_access_type": "",
                "name": "nic0",
                "network": "https://www.googleapis.com/compute/v1/projects/agisit-2022-proj-21/global/networks/default",
                "network_ip": "10.154.0.42",
                "nic_type": "",
                "queue_count": 0,
                "stack_type": "IPV4_ONLY",
                "subnetwork": "https://www.googleapis.com/compute/v1/projects/agisit-2022-proj-21/regions/europe-west2/subnetworks/default",
                "subnetwork_project": "agisit-2022-proj-21"
              }
            ],
            "project": "agisit-2022-proj-21",
            "reservation_affinity": [],
            "resource_policies": null,
            "scheduling": [
              {
                "automatic_restart": true,
                "instance_termination_action": "",
                "min_node_cpus": 0,
                "node_affinities": [],
                "on_host_maintenance": "MIGRATE",
                "preemptible": false,
                "provisioning_model": "STANDARD"
              }
            ],
            "scratch_disk": [],
            "self_link": "https://www.googleapis.com/compute/v1/projects/agisit-2022-proj-21/zones/europe-west2-c/instances/happy1",
            "service_account": [],
            "shielded_instance_config": [
              {
                "enable_integrity_monitoring": true,
                "enable_secure_boot": false,
                "enable_vtpm": true
              }
            ],
            "tags": [
              "happy"
            ],
            "tags_fingerprint": "KMIjEaMtAkE=",
            "timeouts": null,
            "zone": "europe-west2-c"
          },
          "sensitive_attributes": [],
          "private": "eyJlMmJmYjczMC1lY2FhLTExZTYtOGY4OC0zNDM2M2JjN2M0YzAiOnsiY3JlYXRlIjoxMjAwMDAwMDAwMDAwLCJkZWxldGUiOjEyMDAwMDAwMDAwMDAsInVwZGF0ZSI6MTIwMDAwMDAwMDAwMH0sInNjaGVtYV92ZXJzaW9uIjoiNiJ9"
        }
      ]
    },
    {
      "mode": "managed",
      "type": "google_compute_instance",
      "name": "monitoring",
      "provider": "provider[\"registry.terraform.io/hashicorp/google\"]",
      "instances": [
        {
          "index_key": 0,
          "schema_version": 6,
          "attributes": {
            "advanced_machine_features": [],
            "allow_stopping_for_update": null,
            "attached_disk": [],
            "boot_disk": [
              {
                "auto_delete": true,
                "device_name": "persistent-disk-0",
                "disk_encryption_key_raw": "",
                "disk_encryption_key_sha256": "",
                "initialize_params": [
                  {
                    "image": "https://www.googleapis.com/compute/v1/projects/ubuntu-os-cloud/global/images/ubuntu-2004-focal-v20221015",
                    "labels": {},
                    "size": 10,
                    "type": "pd-standard"
                  }
                ],
                "kms_key_self_link": "",
                "mode": "READ_WRITE",
                "source": "https://www.googleapis.com/compute/v1/projects/agisit-2022-proj-21/zones/europe-west2-c/disks/monitor"
              }
            ],
            "can_ip_forward": false,
            "confidential_instance_config": [],
            "cpu_platform": "Intel Broadwell",
            "current_status": "RUNNING",
            "deletion_protection": false,
            "description": "",
            "desired_status": null,
            "enable_display": false,
            "guest_accelerator": [],
            "hostname": "",
            "id": "projects/agisit-2022-proj-21/zones/europe-west2-c/instances/monitor",
            "instance_id": "1343787453538591982",
            "label_fingerprint": "42WmSpB8rSM=",
            "labels": null,
            "machine_type": "n1-standard-1",
            "metadata": {
              "ssh-keys": "ubuntu:ssh-rsa AAAAB3NzaC1yc2EAAAADAQABAAACAQCdW5SLS7b8fGFuLFvA0MIhnBbIKVNG+dgp9l6n/oBor6rLLss3Wlm9U3DEsnE54lHLt6OUeBuuiLDb3RTj+L1wMf7m7u/mAGWUXJJl+/xcmVnxe6Kt34Wyn0Igv2H46xMhiOhkWnEhlVl4Zdk8h9Zy242VHWHLQ09pb8+nj1XnwFUqjS6PaTfqYTSaOUwZlJMZegdJwR3jLu6F4i33g1R03APEBLC1Ul+CuJ70vuZkMt4vatlccuRV2VxU7JFCc9OWI7vSCIeqUsh3P8M1GpuNzj2OlEjlT9u/XASFeJn8xTNK56ykexoKNO4nGgDSLRtsINJtJrTLaNX35xMNrwVYObLSYaCWkwQPN/4JWFIsXNKidLNY/nsqsFCVchYsnTSKIc9yrFr9G+ljvdw9sJfwgam4OaByG1F1HCMLKuXHl5PT7EoxI/xtAZQ3BYGbXhzM6TKK4qrLqiwGK+bpvgQLXiWXxS/nsD5Kq7yGVjh5Y7zF2vIXu3reGMkSOVZ/YNgcwZqLGOCnZgviva3Ac0KWwtf6GZ5WMFaPQcH4xLqcbxFljLipXKytKvWeVSeKIktPYUMmsIAe0MvMDA8PXv8B2qL/dnzpS+0ODAix8kqC8YN7PyZUrDGFa+BF9m08gwF7mlHrncdr0Aj9wwrJZyRijiKpUPSufqlU/+ovsf/QBw== vagrant@mgmt\n"
            },
            "metadata_fingerprint": "V79py_1Lruw=",
            "metadata_startup_script": null,
            "min_cpu_platform": "",
            "name": "monitor",
            "network_interface": [
              {
                "access_config": [
                  {
                    "nat_ip": "35.242.173.85",
                    "network_tier": "PREMIUM",
                    "public_ptr_domain_name": ""
                  }
                ],
                "alias_ip_range": [],
                "ipv6_access_config": [],
                "ipv6_access_type": "",
                "name": "nic0",
                "network": "https://www.googleapis.com/compute/v1/projects/agisit-2022-proj-21/global/networks/default",
                "network_ip": "10.154.0.50",
                "nic_type": "",
                "queue_count": 0,
                "stack_type": "IPV4_ONLY",
                "subnetwork": "https://www.googleapis.com/compute/v1/projects/agisit-2022-proj-21/regions/europe-west2/subnetworks/default",
                "subnetwork_project": "agisit-2022-proj-21"
              }
            ],
            "project": "agisit-2022-proj-21",
            "reservation_affinity": [],
            "resource_policies": null,
            "scheduling": [
              {
                "automatic_restart": true,
                "instance_termination_action": "",
                "min_node_cpus": 0,
                "node_affinities": [],
                "on_host_maintenance": "MIGRATE",
                "preemptible": false,
                "provisioning_model": "STANDARD"
              }
            ],
            "scratch_disk": [],
            "self_link": "https://www.googleapis.com/compute/v1/projects/agisit-2022-proj-21/zones/europe-west2-c/instances/monitor",
            "service_account": [],
            "shielded_instance_config": [
              {
                "enable_integrity_monitoring": true,
                "enable_secure_boot": false,
                "enable_vtpm": true
              }
            ],
            "tags": [
              "monitoring"
            ],
            "tags_fingerprint": "KYs-bTO5BgQ=",
            "timeouts": null,
            "zone": "europe-west2-c"
          },
          "sensitive_attributes": [],
          "private": "eyJlMmJmYjczMC1lY2FhLTExZTYtOGY4OC0zNDM2M2JjN2M0YzAiOnsiY3JlYXRlIjoxMjAwMDAwMDAwMDAwLCJkZWxldGUiOjEyMDAwMDAwMDAwMDAsInVwZGF0ZSI6MTIwMDAwMDAwMDAwMH0sInNjaGVtYV92ZXJzaW9uIjoiNiJ9"
        }
      ]
    },
    {
      "mode": "managed",
      "type": "google_compute_instance",
      "name": "vuecalc",
      "provider": "provider[\"registry.terraform.io/hashicorp/google\"]",
      "instances": [
        {
          "index_key": 0,
          "schema_version": 6,
          "attributes": {
            "advanced_machine_features": [],
            "allow_stopping_for_update": null,
            "attached_disk": [],
            "boot_disk": [
              {
                "auto_delete": true,
                "device_name": "persistent-disk-0",
                "disk_encryption_key_raw": "",
                "disk_encryption_key_sha256": "",
                "initialize_params": [
                  {
                    "image": "https://www.googleapis.com/compute/v1/projects/ubuntu-os-cloud/global/images/ubuntu-2004-focal-v20221015",
                    "labels": {},
                    "size": 10,
                    "type": "pd-standard"
                  }
                ],
                "kms_key_self_link": "",
                "mode": "READ_WRITE",
                "source": "https://www.googleapis.com/compute/v1/projects/agisit-2022-proj-21/zones/europe-west2-c/disks/vuecalc1"
              }
            ],
            "can_ip_forward": false,
            "confidential_instance_config": [],
            "cpu_platform": "Intel Broadwell",
            "current_status": "RUNNING",
            "deletion_protection": false,
            "description": "",
            "desired_status": null,
            "enable_display": false,
            "guest_accelerator": [],
            "hostname": "",
            "id": "projects/agisit-2022-proj-21/zones/europe-west2-c/instances/vuecalc1",
            "instance_id": "3833642576998261999",
            "label_fingerprint": "42WmSpB8rSM=",
            "labels": null,
            "machine_type": "n1-standard-1",
            "metadata": {
              "ssh-keys": "ubuntu:ssh-rsa AAAAB3NzaC1yc2EAAAADAQABAAACAQCdW5SLS7b8fGFuLFvA0MIhnBbIKVNG+dgp9l6n/oBor6rLLss3Wlm9U3DEsnE54lHLt6OUeBuuiLDb3RTj+L1wMf7m7u/mAGWUXJJl+/xcmVnxe6Kt34Wyn0Igv2H46xMhiOhkWnEhlVl4Zdk8h9Zy242VHWHLQ09pb8+nj1XnwFUqjS6PaTfqYTSaOUwZlJMZegdJwR3jLu6F4i33g1R03APEBLC1Ul+CuJ70vuZkMt4vatlccuRV2VxU7JFCc9OWI7vSCIeqUsh3P8M1GpuNzj2OlEjlT9u/XASFeJn8xTNK56ykexoKNO4nGgDSLRtsINJtJrTLaNX35xMNrwVYObLSYaCWkwQPN/4JWFIsXNKidLNY/nsqsFCVchYsnTSKIc9yrFr9G+ljvdw9sJfwgam4OaByG1F1HCMLKuXHl5PT7EoxI/xtAZQ3BYGbXhzM6TKK4qrLqiwGK+bpvgQLXiWXxS/nsD5Kq7yGVjh5Y7zF2vIXu3reGMkSOVZ/YNgcwZqLGOCnZgviva3Ac0KWwtf6GZ5WMFaPQcH4xLqcbxFljLipXKytKvWeVSeKIktPYUMmsIAe0MvMDA8PXv8B2qL/dnzpS+0ODAix8kqC8YN7PyZUrDGFa+BF9m08gwF7mlHrncdr0Aj9wwrJZyRijiKpUPSufqlU/+ovsf/QBw== vagrant@mgmt\n"
            },
            "metadata_fingerprint": "V79py_1Lruw=",
            "metadata_startup_script": null,
            "min_cpu_platform": "",
            "name": "vuecalc1",
            "network_interface": [
              {
                "access_config": [
                  {
                    "nat_ip": "35.189.98.152",
                    "network_tier": "PREMIUM",
                    "public_ptr_domain_name": ""
                  }
                ],
                "alias_ip_range": [],
                "ipv6_access_config": [],
                "ipv6_access_type": "",
                "name": "nic0",
                "network": "https://www.googleapis.com/compute/v1/projects/agisit-2022-proj-21/global/networks/default",
                "network_ip": "10.154.0.47",
                "nic_type": "",
                "queue_count": 0,
                "stack_type": "IPV4_ONLY",
                "subnetwork": "https://www.googleapis.com/compute/v1/projects/agisit-2022-proj-21/regions/europe-west2/subnetworks/default",
                "subnetwork_project": "agisit-2022-proj-21"
              }
            ],
            "project": "agisit-2022-proj-21",
            "reservation_affinity": [],
            "resource_policies": null,
            "scheduling": [
              {
                "automatic_restart": true,
                "instance_termination_action": "",
                "min_node_cpus": 0,
                "node_affinities": [],
                "on_host_maintenance": "MIGRATE",
                "preemptible": false,
                "provisioning_model": "STANDARD"
              }
            ],
            "scratch_disk": [],
            "self_link": "https://www.googleapis.com/compute/v1/projects/agisit-2022-proj-21/zones/europe-west2-c/instances/vuecalc1",
            "service_account": [],
            "shielded_instance_config": [
              {
                "enable_integrity_monitoring": true,
                "enable_secure_boot": false,
                "enable_vtpm": true
              }
            ],
            "tags": [
              "vuecalc"
            ],
            "tags_fingerprint": "upvbUM-JrhE=",
            "timeouts": null,
            "zone": "europe-west2-c"
          },
          "sensitive_attributes": [],
          "private": "eyJlMmJmYjczMC1lY2FhLTExZTYtOGY4OC0zNDM2M2JjN2M0YzAiOnsiY3JlYXRlIjoxMjAwMDAwMDAwMDAwLCJkZWxldGUiOjEyMDAwMDAwMDAwMDAsInVwZGF0ZSI6MTIwMDAwMDAwMDAwMH0sInNjaGVtYV92ZXJzaW9uIjoiNiJ9"
        },
        {
          "index_key": 1,
          "schema_version": 6,
          "attributes": {
            "advanced_machine_features": [],
            "allow_stopping_for_update": null,
            "attached_disk": [],
            "boot_disk": [
              {
                "auto_delete": true,
                "device_name": "persistent-disk-0",
                "disk_encryption_key_raw": "",
                "disk_encryption_key_sha256": "",
                "initialize_params": [
                  {
                    "image": "https://www.googleapis.com/compute/v1/projects/ubuntu-os-cloud/global/images/ubuntu-2004-focal-v20221015",
                    "labels": {},
                    "size": 10,
                    "type": "pd-standard"
                  }
                ],
                "kms_key_self_link": "",
                "mode": "READ_WRITE",
                "source": "https://www.googleapis.com/compute/v1/projects/agisit-2022-proj-21/zones/europe-west2-c/disks/vuecalc2"
              }
            ],
            "can_ip_forward": false,
            "confidential_instance_config": [],
            "cpu_platform": "Intel Broadwell",
            "current_status": "RUNNING",
            "deletion_protection": false,
            "description": "",
            "desired_status": null,
            "enable_display": false,
            "guest_accelerator": [],
            "hostname": "",
            "id": "projects/agisit-2022-proj-21/zones/europe-west2-c/instances/vuecalc2",
            "instance_id": "72308693895177455",
            "label_fingerprint": "42WmSpB8rSM=",
            "labels": null,
            "machine_type": "n1-standard-1",
            "metadata": {
              "ssh-keys": "ubuntu:ssh-rsa AAAAB3NzaC1yc2EAAAADAQABAAACAQCdW5SLS7b8fGFuLFvA0MIhnBbIKVNG+dgp9l6n/oBor6rLLss3Wlm9U3DEsnE54lHLt6OUeBuuiLDb3RTj+L1wMf7m7u/mAGWUXJJl+/xcmVnxe6Kt34Wyn0Igv2H46xMhiOhkWnEhlVl4Zdk8h9Zy242VHWHLQ09pb8+nj1XnwFUqjS6PaTfqYTSaOUwZlJMZegdJwR3jLu6F4i33g1R03APEBLC1Ul+CuJ70vuZkMt4vatlccuRV2VxU7JFCc9OWI7vSCIeqUsh3P8M1GpuNzj2OlEjlT9u/XASFeJn8xTNK56ykexoKNO4nGgDSLRtsINJtJrTLaNX35xMNrwVYObLSYaCWkwQPN/4JWFIsXNKidLNY/nsqsFCVchYsnTSKIc9yrFr9G+ljvdw9sJfwgam4OaByG1F1HCMLKuXHl5PT7EoxI/xtAZQ3BYGbXhzM6TKK4qrLqiwGK+bpvgQLXiWXxS/nsD5Kq7yGVjh5Y7zF2vIXu3reGMkSOVZ/YNgcwZqLGOCnZgviva3Ac0KWwtf6GZ5WMFaPQcH4xLqcbxFljLipXKytKvWeVSeKIktPYUMmsIAe0MvMDA8PXv8B2qL/dnzpS+0ODAix8kqC8YN7PyZUrDGFa+BF9m08gwF7mlHrncdr0Aj9wwrJZyRijiKpUPSufqlU/+ovsf/QBw== vagrant@mgmt\n"
            },
            "metadata_fingerprint": "V79py_1Lruw=",
            "metadata_startup_script": null,
            "min_cpu_platform": "",
            "name": "vuecalc2",
            "network_interface": [
              {
                "access_config": [
                  {
                    "nat_ip": "34.105.182.50",
                    "network_tier": "PREMIUM",
                    "public_ptr_domain_name": ""
                  }
                ],
                "alias_ip_range": [],
                "ipv6_access_config": [],
                "ipv6_access_type": "",
                "name": "nic0",
                "network": "https://www.googleapis.com/compute/v1/projects/agisit-2022-proj-21/global/networks/default",
                "network_ip": "10.154.0.45",
                "nic_type": "",
                "queue_count": 0,
                "stack_type": "IPV4_ONLY",
                "subnetwork": "https://www.googleapis.com/compute/v1/projects/agisit-2022-proj-21/regions/europe-west2/subnetworks/default",
                "subnetwork_project": "agisit-2022-proj-21"
              }
            ],
            "project": "agisit-2022-proj-21",
            "reservation_affinity": [],
            "resource_policies": null,
            "scheduling": [
              {
                "automatic_restart": true,
                "instance_termination_action": "",
                "min_node_cpus": 0,
                "node_affinities": [],
                "on_host_maintenance": "MIGRATE",
                "preemptible": false,
                "provisioning_model": "STANDARD"
              }
            ],
            "scratch_disk": [],
            "self_link": "https://www.googleapis.com/compute/v1/projects/agisit-2022-proj-21/zones/europe-west2-c/instances/vuecalc2",
            "service_account": [],
            "shielded_instance_config": [
              {
                "enable_integrity_monitoring": true,
                "enable_secure_boot": false,
                "enable_vtpm": true
              }
            ],
            "tags": [
              "vuecalc"
            ],
            "tags_fingerprint": "upvbUM-JrhE=",
            "timeouts": null,
            "zone": "europe-west2-c"
          },
          "sensitive_attributes": [],
          "private": "eyJlMmJmYjczMC1lY2FhLTExZTYtOGY4OC0zNDM2M2JjN2M0YzAiOnsiY3JlYXRlIjoxMjAwMDAwMDAwMDAwLCJkZWxldGUiOjEyMDAwMDAwMDAwMDAsInVwZGF0ZSI6MTIwMDAwMDAwMDAwMH0sInNjaGVtYV92ZXJzaW9uIjoiNiJ9"
        }
      ]
    },
    {
      "mode": "managed",
      "type": "local_file",
      "name": "env_file",
      "provider": "provider[\"registry.terraform.io/hashicorp/local\"]",
      "instances": [
        {
          "schema_version": 0,
          "attributes": {
            "content": "VUE_APP_EXPRESSED=http://34.89.6.107:4000\r\nVUE_APP_HAPPY=http://34.105.226.3:4000\r\n",
            "content_base64": null,
            "directory_permission": "0777",
            "file_permission": "0777",
            "filename": "../vuecalc/.env",
            "id": "7ac1110075090f771c63a67c25d23f0d47bf8162",
            "sensitive_content": null,
            "source": null
          },
          "sensitive_attributes": [],
          "private": "bnVsbA==",
          "dependencies": [
            "google_compute_instance.expressed",
            "google_compute_instance.happy"
          ]
        }
      ]
    },
    {
      "mode": "managed",
      "type": "local_file",
      "name": "hosts_cfg",
      "provider": "provider[\"registry.terraform.io/hashicorp/local\"]",
      "instances": [
        {
          "schema_version": 0,
          "attributes": {
            "content": "balancer ansible_host=34.89.9.109 ansible_user=ubuntu ansible_connection=ssh\r\nbootstorage_1 ansible_host=34.105.183.222 ansible_user=ubuntu ansible_connection=ssh\r\nexpressed_1 ansible_host=34.89.6.107 ansible_user=ubuntu ansible_connection=ssh\r\nhappy_1 ansible_host=34.105.226.3 ansible_user=ubuntu ansible_connection=ssh\r\nvuecalc_1 ansible_host=35.189.98.152 ansible_user=ubuntu ansible_connection=ssh\r\nvuecalc_2 ansible_host=34.105.182.50 ansible_user=ubuntu ansible_connection=ssh\r\nmonitor ansible_host=35.242.173.85 ansible_user=ubuntu ansible_connection=ssh\r\n\r\n[osmgmt]      #this group has the machine whose purpose is to manage the network\r\nlocalhost           ansible_connection=local\r\n\r\n[loadbal]          #this group encapsulates the machines that will manage the network's load\r\nbalancer\r\n\r\n[bootstorage]     #this group consists of every machine that hosts the Bootstorage microservice\r\nbootstorage_1\r\n#bootstorage_2\r\n\r\n[expressed]     #this group consists of every machine that hosts the Expressed microservice\r\nexpressed_1\r\n#expressed_2\r\n\r\n[happy]     #this group consists of every machine that hosts the Happy microservice\r\nhappy_1\r\n#happy_2\r\n\r\n[vuecalc]     #this group consists of every machine that hosts the Vuecalc microservice\r\nvuecalc_1\r\nvuecalc_2\r\n\r\n[monitoring]\r\nmonitor\r\n\r\n[targets:children]\r\nloadbal\r\nbootstorage\r\nexpressed\r\nhappy\r\nvuecalc\r\nmonitoring\r\n",
            "content_base64": null,
            "directory_permission": "0777",
            "file_permission": "0777",
            "filename": "gcphosts",
            "id": "00b50f654a6a116ee554316115d38c5db07b7956",
            "sensitive_content": null,
            "source": null
          },
          "sensitive_attributes": [],
          "private": "bnVsbA==",
          "dependencies": [
            "google_compute_instance.balancer",
            "google_compute_instance.bootstorage",
            "google_compute_instance.expressed",
            "google_compute_instance.happy",
            "google_compute_instance.monitoring",
            "google_compute_instance.vuecalc"
          ]
        }
      ]
    }
  ],
  "check_results": null
}
